<?xml version="1.0" encoding="utf-8"?>
<Project ToolsVersion="4.0" xmlns="http://schemas.microsoft.com/developer/msbuild/2003">
  <ItemGroup>
    <Filter Include="raygui-cpp">
      <UniqueIdentifier>{5bbdb219-a686-4999-8627-2f503d7639f1}</UniqueIdentifier>
    </Filter>
    <Filter Include="raygui-cpp\Controls">
      <UniqueIdentifier>{31feaa6c-cf47-4bf0-b994-0db0facf9230}</UniqueIdentifier>
    </Filter>
    <Filter Include="tinyfiledialogs">
      <UniqueIdentifier>{23647752-8dd5-4be2-a3b1-e118fa919a23}</UniqueIdentifier>
    </Filter>
    <Filter Include="png++">
      <UniqueIdentifier>{883ffbc4-a911-4cd8-8317-57fa76d42875}</UniqueIdentifier>
    </Filter>
  </ItemGroup>
  <ItemGroup>
    <ClInclude Include="..\..\..\src\raygui.h" />
    <ClInclude Include="..\..\..\src\raygui-cpp\Layout.h">
      <Filter>raygui-cpp</Filter>
    </ClInclude>
    <ClInclude Include="..\..\..\src\raygui-cpp\Control.h">
      <Filter>raygui-cpp</Filter>
    </ClInclude>
    <ClInclude Include="..\..\..\src\raygui-cpp\Controls\WindowBox.h">
      <Filter>raygui-cpp\Controls</Filter>
    </ClInclude>
    <ClInclude Include="..\..\..\src\raygui-cpp\Controls\ListView.h">
      <Filter>raygui-cpp\Controls</Filter>
    </ClInclude>
    <ClInclude Include="..\..\..\src\raygui-cpp\Controls\Panel.h">
      <Filter>raygui-cpp\Controls</Filter>
    </ClInclude>
    <ClInclude Include="..\..\..\src\raygui-cpp\Controls\Label.h">
      <Filter>raygui-cpp\Controls</Filter>
    </ClInclude>
    <ClInclude Include="..\..\..\src\raygui-cpp\Controls\DropdownBox.h">
      <Filter>raygui-cpp\Controls</Filter>
    </ClInclude>
    <ClInclude Include="..\..\..\src\raygui-cpp\Controls\Button.h">
      <Filter>raygui-cpp\Controls</Filter>
    </ClInclude>
    <ClInclude Include="..\..\..\src\raygui-cpp\Controls\ComboBox.h">
      <Filter>raygui-cpp\Controls</Filter>
    </ClInclude>
    <ClInclude Include="..\..\..\src\Archive.h" />
    <ClInclude Include="..\..\..\src\Palette.h" />
    <ClInclude Include="..\..\..\src\tinyfiledialogs\tinyfiledialogs.h">
      <Filter>tinyfiledialogs</Filter>
    </ClInclude>
    <ClInclude Include="..\..\..\src\png++\color.hpp">
      <Filter>png++</Filter>
    </ClInclude>
    <ClInclude Include="..\..\..\src\png++\config.hpp">
      <Filter>png++</Filter>
    </ClInclude>
    <ClInclude Include="..\..\..\src\png++\consumer.hpp">
      <Filter>png++</Filter>
    </ClInclude>
    <ClInclude Include="..\..\..\src\png++\convert_color_space.hpp">
      <Filter>png++</Filter>
    </ClInclude>
    <ClInclude Include="..\..\..\src\png++\end_info.hpp">
      <Filter>png++</Filter>
    </ClInclude>
    <ClInclude Include="..\..\..\src\png++\error.hpp">
      <Filter>png++</Filter>
    </ClInclude>
    <ClInclude Include="..\..\..\src\png++\ga_pixel.hpp">
      <Filter>png++</Filter>
    </ClInclude>
    <ClInclude Include="..\..\..\src\png++\generator.hpp">
      <Filter>png++</Filter>
    </ClInclude>
    <ClInclude Include="..\..\..\src\png++\gray_pixel.hpp">
      <Filter>png++</Filter>
    </ClInclude>
    <ClInclude Include="..\..\..\src\png++\image.hpp">
      <Filter>png++</Filter>
    </ClInclude>
    <ClInclude Include="..\..\..\src\png++\image_info.hpp">
      <Filter>png++</Filter>
    </ClInclude>
    <ClInclude Include="..\..\..\src\png++\index_pixel.hpp">
      <Filter>png++</Filter>
    </ClInclude>
    <ClInclude Include="..\..\..\src\png++\info.hpp">
      <Filter>png++</Filter>
    </ClInclude>
    <ClInclude Include="..\..\..\src\png++\info_base.hpp">
      <Filter>png++</Filter>
    </ClInclude>
    <ClInclude Include="..\..\..\src\png++\io_base.hpp">
      <Filter>png++</Filter>
    </ClInclude>
    <ClInclude Include="..\..\..\src\png++\packed_pixel.hpp">
      <Filter>png++</Filter>
    </ClInclude>
    <ClInclude Include="..\..\..\src\png++\palette.hpp">
      <Filter>png++</Filter>
    </ClInclude>
    <ClInclude Include="..\..\..\src\png++\pixel_buffer.hpp">
      <Filter>png++</Filter>
    </ClInclude>
    <ClInclude Include="..\..\..\src\png++\pixel_traits.hpp">
      <Filter>png++</Filter>
    </ClInclude>
    <ClInclude Include="..\..\..\src\png++\png.hpp">
      <Filter>png++</Filter>
    </ClInclude>
    <ClInclude Include="..\..\..\src\png++\reader.hpp">
      <Filter>png++</Filter>
    </ClInclude>
    <ClInclude Include="..\..\..\src\png++\require_color_space.hpp">
      <Filter>png++</Filter>
    </ClInclude>
    <ClInclude Include="..\..\..\src\png++\rgb_pixel.hpp">
      <Filter>png++</Filter>
    </ClInclude>
    <ClInclude Include="..\..\..\src\png++\rgba_pixel.hpp">
      <Filter>png++</Filter>
    </ClInclude>
    <ClInclude Include="..\..\..\src\png++\solid_pixel_buffer.hpp">
      <Filter>png++</Filter>
    </ClInclude>
    <ClInclude Include="..\..\..\src\png++\streaming_base.hpp">
      <Filter>png++</Filter>
    </ClInclude>
    <ClInclude Include="..\..\..\src\png++\tRNS.hpp">
      <Filter>png++</Filter>
    </ClInclude>
    <ClInclude Include="..\..\..\src\png++\types.hpp">
      <Filter>png++</Filter>
    </ClInclude>
    <ClInclude Include="..\..\..\src\png++\writer.hpp">
      <Filter>png++</Filter>
    </ClInclude>
  </ItemGroup>
  <ItemGroup>
    <ClCompile Include="..\..\..\src\main.cpp" />
    <ClCompile Include="..\..\..\src\raygui-cpp\Layout.cpp">
      <Filter>raygui-cpp</Filter>
    </ClCompile>
    <ClCompile Include="..\..\..\src\raygui-cpp\Control.cpp">
      <Filter>raygui-cpp</Filter>
    </ClCompile>
    <ClCompile Include="..\..\..\src\raygui-cpp\Controls\WindowBox.cpp">
      <Filter>raygui-cpp\Controls</Filter>
    </ClCompile>
    <ClCompile Include="..\..\..\src\raygui-cpp\Controls\ListView.cpp">
      <Filter>raygui-cpp\Controls</Filter>
    </ClCompile>
    <ClCompile Include="..\..\..\src\raygui-cpp\Controls\Panel.cpp">
      <Filter>raygui-cpp\Controls</Filter>
    </ClCompile>
    <ClCompile Include="..\..\..\src\raygui-cpp\Controls\Label.cpp">
      <Filter>raygui-cpp\Controls</Filter>
    </ClCompile>
    <ClCompile Include="..\..\..\src\raygui-cpp\Controls\DropdownBox.cpp">
      <Filter>raygui-cpp\Controls</Filter>
    </ClCompile>
    <ClCompile Include="..\..\..\src\raygui-cpp\Controls\Button.cpp">
      <Filter>raygui-cpp\Controls</Filter>
    </ClCompile>
    <ClCompile Include="..\..\..\src\raygui-cpp\Controls\ComboBox.cpp">
      <Filter>raygui-cpp\Controls</Filter>
    </ClCompile>
    <ClCompile Include="..\..\..\src\Archive.cpp" />
    <ClCompile Include="..\..\..\src\Palette.cpp" />
    <ClCompile Include="..\..\..\src\tinyfiledialogs\tinyfiledialogs.c">
      <Filter>tinyfiledialogs</Filter>
    </ClCompile>
  </ItemGroup>
</Project>