<?xml version="1.0" encoding="utf-8"?>
<Project ToolsVersion="4.0" xmlns="http://schemas.microsoft.com/developer/msbuild/2003">
  <ItemGroup>
    <Filter Include="raygui-cpp">
      <UniqueIdentifier>{5bbdb219-a686-4999-8627-2f503d7639f1}</UniqueIdentifier>
    </Filter>
    <Filter Include="raygui-cpp\Controls">
      <UniqueIdentifier>{31feaa6c-cf47-4bf0-b994-0db0facf9230}</UniqueIdentifier>
    </Filter>
    <Filter Include="External">
      <UniqueIdentifier>{21cbd994-d48f-402f-be33-e17c4909c2e1}</UniqueIdentifier>
    </Filter>
    <Filter Include="External\libpng">
      <UniqueIdentifier>{93e59934-1dee-461a-a6d9-0e142d663bcb}</UniqueIdentifier>
    </Filter>
    <Filter Include="External\zlib">
      <UniqueIdentifier>{9d1425be-be62-4998-abf0-ab9a679937dc}</UniqueIdentifier>
    </Filter>
    <Filter Include="External\png++">
      <UniqueIdentifier>{883ffbc4-a911-4cd8-8317-57fa76d42875}</UniqueIdentifier>
    </Filter>
    <Filter Include="External\tinyfiledialogs">
      <UniqueIdentifier>{23647752-8dd5-4be2-a3b1-e118fa919a23}</UniqueIdentifier>
    </Filter>
  </ItemGroup>
  <ItemGroup>
    <ClInclude Include="..\..\..\src\raygui.h" />
    <ClInclude Include="..\..\..\src\raygui-cpp\Layout.h">
      <Filter>raygui-cpp</Filter>
    </ClInclude>
    <ClInclude Include="..\..\..\src\raygui-cpp\Control.h">
      <Filter>raygui-cpp</Filter>
    </ClInclude>
    <ClInclude Include="..\..\..\src\raygui-cpp\Controls\WindowBox.h">
      <Filter>raygui-cpp\Controls</Filter>
    </ClInclude>
    <ClInclude Include="..\..\..\src\raygui-cpp\Controls\ListView.h">
      <Filter>raygui-cpp\Controls</Filter>
    </ClInclude>
    <ClInclude Include="..\..\..\src\raygui-cpp\Controls\Panel.h">
      <Filter>raygui-cpp\Controls</Filter>
    </ClInclude>
    <ClInclude Include="..\..\..\src\raygui-cpp\Controls\Label.h">
      <Filter>raygui-cpp\Controls</Filter>
    </ClInclude>
    <ClInclude Include="..\..\..\src\raygui-cpp\Controls\DropdownBox.h">
      <Filter>raygui-cpp\Controls</Filter>
    </ClInclude>
    <ClInclude Include="..\..\..\src\raygui-cpp\Controls\Button.h">
      <Filter>raygui-cpp\Controls</Filter>
    </ClInclude>
    <ClInclude Include="..\..\..\src\raygui-cpp\Controls\ComboBox.h">
      <Filter>raygui-cpp\Controls</Filter>
    </ClInclude>
    <ClInclude Include="..\..\..\src\Archive.h" />
    <ClInclude Include="..\..\..\src\Palette.h" />
    <ClInclude Include="..\..\..\src\tinyfiledialogs\tinyfiledialogs.h">
      <Filter>External\tinyfiledialogs</Filter>
    </ClInclude>
    <ClInclude Include="..\..\..\src\png++\color.hpp">
      <Filter>External\png++</Filter>
    </ClInclude>
    <ClInclude Include="..\..\..\src\png++\config.hpp">
      <Filter>External\png++</Filter>
    </ClInclude>
    <ClInclude Include="..\..\..\src\png++\consumer.hpp">
      <Filter>External\png++</Filter>
    </ClInclude>
    <ClInclude Include="..\..\..\src\png++\convert_color_space.hpp">
      <Filter>External\png++</Filter>
    </ClInclude>
    <ClInclude Include="..\..\..\src\png++\end_info.hpp">
      <Filter>External\png++</Filter>
    </ClInclude>
    <ClInclude Include="..\..\..\src\png++\error.hpp">
      <Filter>External\png++</Filter>
    </ClInclude>
    <ClInclude Include="..\..\..\src\png++\ga_pixel.hpp">
      <Filter>External\png++</Filter>
    </ClInclude>
    <ClInclude Include="..\..\..\src\png++\generator.hpp">
      <Filter>External\png++</Filter>
    </ClInclude>
    <ClInclude Include="..\..\..\src\png++\gray_pixel.hpp">
      <Filter>External\png++</Filter>
    </ClInclude>
    <ClInclude Include="..\..\..\src\png++\image.hpp">
      <Filter>External\png++</Filter>
    </ClInclude>
    <ClInclude Include="..\..\..\src\png++\image_info.hpp">
      <Filter>External\png++</Filter>
    </ClInclude>
    <ClInclude Include="..\..\..\src\png++\index_pixel.hpp">
      <Filter>External\png++</Filter>
    </ClInclude>
    <ClInclude Include="..\..\..\src\png++\info.hpp">
      <Filter>External\png++</Filter>
    </ClInclude>
    <ClInclude Include="..\..\..\src\png++\info_base.hpp">
      <Filter>External\png++</Filter>
    </ClInclude>
    <ClInclude Include="..\..\..\src\png++\io_base.hpp">
      <Filter>External\png++</Filter>
    </ClInclude>
    <ClInclude Include="..\..\..\src\png++\packed_pixel.hpp">
      <Filter>External\png++</Filter>
    </ClInclude>
    <ClInclude Include="..\..\..\src\png++\palette.hpp">
      <Filter>External\png++</Filter>
    </ClInclude>
    <ClInclude Include="..\..\..\src\png++\pixel_buffer.hpp">
      <Filter>External\png++</Filter>
    </ClInclude>
    <ClInclude Include="..\..\..\src\png++\pixel_traits.hpp">
      <Filter>External\png++</Filter>
    </ClInclude>
    <ClInclude Include="..\..\..\src\png++\png.hpp">
      <Filter>External\png++</Filter>
    </ClInclude>
    <ClInclude Include="..\..\..\src\png++\reader.hpp">
      <Filter>External\png++</Filter>
    </ClInclude>
    <ClInclude Include="..\..\..\src\png++\require_color_space.hpp">
      <Filter>External\png++</Filter>
    </ClInclude>
    <ClInclude Include="..\..\..\src\png++\rgb_pixel.hpp">
      <Filter>External\png++</Filter>
    </ClInclude>
    <ClInclude Include="..\..\..\src\png++\rgba_pixel.hpp">
      <Filter>External\png++</Filter>
    </ClInclude>
    <ClInclude Include="..\..\..\src\png++\solid_pixel_buffer.hpp">
      <Filter>External\png++</Filter>
    </ClInclude>
    <ClInclude Include="..\..\..\src\png++\streaming_base.hpp">
      <Filter>External\png++</Filter>
    </ClInclude>
    <ClInclude Include="..\..\..\src\png++\tRNS.hpp">
      <Filter>External\png++</Filter>
    </ClInclude>
    <ClInclude Include="..\..\..\src\png++\types.hpp">
      <Filter>External\png++</Filter>
    </ClInclude>
    <ClInclude Include="..\..\..\src\png++\writer.hpp">
      <Filter>External\png++</Filter>
    </ClInclude>
    <ClInclude Include="..\..\..\src\libpng\png.h">
      <Filter>External\libpng</Filter>
    </ClInclude>
    <ClInclude Include="..\..\..\src\libpng\pngconf.h">
      <Filter>External\libpng</Filter>
    </ClInclude>
    <ClInclude Include="..\..\..\src\libpng\pngdebug.h">
      <Filter>External\libpng</Filter>
    </ClInclude>
    <ClInclude Include="..\..\..\src\libpng\pnginfo.h">
      <Filter>External\libpng</Filter>
    </ClInclude>
    <ClInclude Include="..\..\..\src\libpng\pngpriv.h">
      <Filter>External\libpng</Filter>
    </ClInclude>
    <ClInclude Include="..\..\..\src\libpng\pngstruct.h">
      <Filter>External\libpng</Filter>
    </ClInclude>
    <ClInclude Include="..\..\..\src\libpng\pnglibconf.h">
      <Filter>External\libpng</Filter>
    </ClInclude>
    <ClInclude Include="..\..\..\src\zlib\crc32.h">
      <Filter>External\zlib</Filter>
    </ClInclude>
    <ClInclude Include="..\..\..\src\zlib\deflate.h">
      <Filter>External\zlib</Filter>
    </ClInclude>
    <ClInclude Include="..\..\..\src\zlib\gzguts.h">
      <Filter>External\zlib</Filter>
    </ClInclude>
    <ClInclude Include="..\..\..\src\zlib\inffast.h">
      <Filter>External\zlib</Filter>
    </ClInclude>
    <ClInclude Include="..\..\..\src\zlib\inffixed.h">
      <Filter>External\zlib</Filter>
    </ClInclude>
    <ClInclude Include="..\..\..\src\zlib\inflate.h">
      <Filter>External\zlib</Filter>
    </ClInclude>
    <ClInclude Include="..\..\..\src\zlib\inftrees.h">
      <Filter>External\zlib</Filter>
    </ClInclude>
    <ClInclude Include="..\..\..\src\zlib\trees.h">
      <Filter>External\zlib</Filter>
    </ClInclude>
    <ClInclude Include="..\..\..\src\zlib\zconf.h">
      <Filter>External\zlib</Filter>
    </ClInclude>
    <ClInclude Include="..\..\..\src\zlib\zutil.h">
      <Filter>External\zlib</Filter>
    </ClInclude>
  </ItemGroup>
  <ItemGroup>
    <ClCompile Include="..\..\..\src\main.cpp" />
    <ClCompile Include="..\..\..\src\raygui-cpp\Layout.cpp">
      <Filter>raygui-cpp</Filter>
    </ClCompile>
    <ClCompile Include="..\..\..\src\raygui-cpp\Control.cpp">
      <Filter>raygui-cpp</Filter>
    </ClCompile>
    <ClCompile Include="..\..\..\src\raygui-cpp\Controls\WindowBox.cpp">
      <Filter>raygui-cpp\Controls</Filter>
    </ClCompile>
    <ClCompile Include="..\..\..\src\raygui-cpp\Controls\ListView.cpp">
      <Filter>raygui-cpp\Controls</Filter>
    </ClCompile>
    <ClCompile Include="..\..\..\src\raygui-cpp\Controls\Panel.cpp">
      <Filter>raygui-cpp\Controls</Filter>
    </ClCompile>
    <ClCompile Include="..\..\..\src\raygui-cpp\Controls\Label.cpp">
      <Filter>raygui-cpp\Controls</Filter>
    </ClCompile>
    <ClCompile Include="..\..\..\src\raygui-cpp\Controls\DropdownBox.cpp">
      <Filter>raygui-cpp\Controls</Filter>
    </ClCompile>
    <ClCompile Include="..\..\..\src\raygui-cpp\Controls\Button.cpp">
      <Filter>raygui-cpp\Controls</Filter>
    </ClCompile>
    <ClCompile Include="..\..\..\src\raygui-cpp\Controls\ComboBox.cpp">
      <Filter>raygui-cpp\Controls</Filter>
    </ClCompile>
    <ClCompile Include="..\..\..\src\Archive.cpp" />
    <ClCompile Include="..\..\..\src\Palette.cpp" />
    <ClCompile Include="..\..\..\src\tinyfiledialogs\tinyfiledialogs.c">
      <Filter>External\tinyfiledialogs</Filter>
    </ClCompile>
    <ClCompile Include="..\..\..\src\libpng\png.c">
      <Filter>External\libpng</Filter>
    </ClCompile>
    <ClCompile Include="..\..\..\src\libpng\pngerror.c">
      <Filter>External\libpng</Filter>
    </ClCompile>
    <ClCompile Include="..\..\..\src\libpng\pngget.c">
      <Filter>External\libpng</Filter>
    </ClCompile>
    <ClCompile Include="..\..\..\src\libpng\pngmem.c">
      <Filter>External\libpng</Filter>
    </ClCompile>
    <ClCompile Include="..\..\..\src\libpng\pngpread.c">
      <Filter>External\libpng</Filter>
    </ClCompile>
    <ClCompile Include="..\..\..\src\libpng\pngread.c">
      <Filter>External\libpng</Filter>
    </ClCompile>
    <ClCompile Include="..\..\..\src\libpng\pngrio.c">
      <Filter>External\libpng</Filter>
    </ClCompile>
    <ClCompile Include="..\..\..\src\libpng\pngrtran.c">
      <Filter>External\libpng</Filter>
    </ClCompile>
    <ClCompile Include="..\..\..\src\libpng\pngrutil.c">
      <Filter>External\libpng</Filter>
    </ClCompile>
    <ClCompile Include="..\..\..\src\libpng\pngset.c">
      <Filter>External\libpng</Filter>
    </ClCompile>
    <ClCompile Include="..\..\..\src\libpng\pngtrans.c">
      <Filter>External\libpng</Filter>
    </ClCompile>
    <ClCompile Include="..\..\..\src\libpng\pngwio.c">
      <Filter>External\libpng</Filter>
    </ClCompile>
    <ClCompile Include="..\..\..\src\libpng\pngwrite.c">
      <Filter>External\libpng</Filter>
    </ClCompile>
    <ClCompile Include="..\..\..\src\libpng\pngwtran.c">
      <Filter>External\libpng</Filter>
    </ClCompile>
    <ClCompile Include="..\..\..\src\libpng\pngwutil.c">
      <Filter>External\libpng</Filter>
    </ClCompile>
    <ClCompile Include="..\..\..\src\zlib\adler32.c">
      <Filter>External\zlib</Filter>
    </ClCompile>
    <ClCompile Include="..\..\..\src\zlib\compress.c">
      <Filter>External\zlib</Filter>
    </ClCompile>
    <ClCompile Include="..\..\..\src\zlib\crc32.c">
      <Filter>External\zlib</Filter>
    </ClCompile>
    <ClCompile Include="..\..\..\src\zlib\deflate.c">
      <Filter>External\zlib</Filter>
    </ClCompile>
    <ClCompile Include="..\..\..\src\zlib\gzclose.c">
      <Filter>External\zlib</Filter>
    </ClCompile>
    <ClCompile Include="..\..\..\src\zlib\gzlib.c">
      <Filter>External\zlib</Filter>
    </ClCompile>
    <ClCompile Include="..\..\..\src\zlib\gzread.c">
      <Filter>External\zlib</Filter>
    </ClCompile>
    <ClCompile Include="..\..\..\src\zlib\gzwrite.c">
      <Filter>External\zlib</Filter>
    </ClCompile>
    <ClCompile Include="..\..\..\src\zlib\infback.c">
      <Filter>External\zlib</Filter>
    </ClCompile>
    <ClCompile Include="..\..\..\src\zlib\inffast.c">
      <Filter>External\zlib</Filter>
    </ClCompile>
    <ClCompile Include="..\..\..\src\zlib\inflate.c">
      <Filter>External\zlib</Filter>
    </ClCompile>
    <ClCompile Include="..\..\..\src\zlib\inftrees.c">
      <Filter>External\zlib</Filter>
    </ClCompile>
    <ClCompile Include="..\..\..\src\zlib\trees.c">
      <Filter>External\zlib</Filter>
    </ClCompile>
    <ClCompile Include="..\..\..\src\zlib\uncompr.c">
      <Filter>External\zlib</Filter>
    </ClCompile>
    <ClCompile Include="..\..\..\src\zlib\zutil.c">
      <Filter>External\zlib</Filter>
    </ClCompile>
  </ItemGroup>
  <ItemGroup>
    <Xml Include="..\..\..\src\zlib\treebuild.xml">
      <Filter>External\zlib</Filter>
    </Xml>
  </ItemGroup>
</Project>